
Microsoft Visual Studio Solution File, Format Version 12.00
# Visual Studio Version 17
VisualStudioVersion = 17.1.32328.378
MinimumVisualStudioVersion = 10.0.40219.1
Project("{FAE04EC0-301F-11D3-BF4B-00C04F79EFBC}") = "EmprestimosFacilitados", "EmprestimosFacilitados\EmprestimosFacilitados.csproj", "{B0659B3B-1175-4DF2-823E-FEF4FDCB9264}"
EndProject
Global
	GlobalSection(SolutionConfigurationPlatforms) = preSolution
		Debug|Any CPU = Debug|Any CPU
		Release|Any CPU = Release|Any CPU
	EndGlobalSection
	GlobalSection(ProjectConfigurationPlatforms) = postSolution
		{B0659B3B-1175-4DF2-823E-FEF4FDCB9264}.Debug|Any CPU.ActiveCfg = Debug|Any CPU
		{B0659B3B-1175-4DF2-823E-FEF4FDCB9264}.Debug|Any CPU.Build.0 = Debug|Any CPU
		{B0659B3B-1175-4DF2-823E-FEF4FDCB9264}.Release|Any CPU.ActiveCfg = Release|Any CPU
		{B0659B3B-1175-4DF2-823E-FEF4FDCB9264}.Release|Any CPU.Build.0 = Release|Any CPU
	EndGlobalSection
	GlobalSection(SolutionProperties) = preSolution
		HideSolutionNode = FALSE
	EndGlobalSection
	GlobalSection(ExtensibilityGlobals) = postSolution
		SolutionGuid = {E2E531EC-0D91-4D77-820C-F2F0C58DB147}
	EndGlobalSection
EndGlobal
